
Microsoft Visual Studio Solution File, Format Version 12.00
# Visual Studio 15
VisualStudioVersion = 15.0.28010.2046
MinimumVisualStudioVersion = 10.0.40219.1
Project("{FAE04EC0-301F-11D3-BF4B-00C04F79EFBC}") = "Cars", "Cars\Cars.csproj", "{8D06F185-D1A6-44C8-B219-3679A4096A22}"
EndProject
Project("{FAE04EC0-301F-11D3-BF4B-00C04F79EFBC}") = "DefineAnInterfaceIPerson", "DefineAnInterfaceIPerson\DefineAnInterfaceIPerson.csproj", "{A14D804F-FEB5-4867-BFDD-3A44D40A5C1B}"
EndProject
Project("{FAE04EC0-301F-11D3-BF4B-00C04F79EFBC}") = "ExplicitInterfaces", "ExplicitInterfaces\ExplicitInterfaces.csproj", "{F1370FE8-C615-4815-B379-CE2B217948CE}"
EndProject
Global
	GlobalSection(SolutionConfigurationPlatforms) = preSolution
		Debug|Any CPU = Debug|Any CPU
		Release|Any CPU = Release|Any CPU
	EndGlobalSection
	GlobalSection(ProjectConfigurationPlatforms) = postSolution
		{8D06F185-D1A6-44C8-B219-3679A4096A22}.Debug|Any CPU.ActiveCfg = Debug|Any CPU
		{8D06F185-D1A6-44C8-B219-3679A4096A22}.Debug|Any CPU.Build.0 = Debug|Any CPU
		{8D06F185-D1A6-44C8-B219-3679A4096A22}.Release|Any CPU.ActiveCfg = Release|Any CPU
		{8D06F185-D1A6-44C8-B219-3679A4096A22}.Release|Any CPU.Build.0 = Release|Any CPU
		{A14D804F-FEB5-4867-BFDD-3A44D40A5C1B}.Debug|Any CPU.ActiveCfg = Debug|Any CPU
		{A14D804F-FEB5-4867-BFDD-3A44D40A5C1B}.Debug|Any CPU.Build.0 = Debug|Any CPU
		{A14D804F-FEB5-4867-BFDD-3A44D40A5C1B}.Release|Any CPU.ActiveCfg = Release|Any CPU
		{A14D804F-FEB5-4867-BFDD-3A44D40A5C1B}.Release|Any CPU.Build.0 = Release|Any CPU
		{F1370FE8-C615-4815-B379-CE2B217948CE}.Debug|Any CPU.ActiveCfg = Debug|Any CPU
		{F1370FE8-C615-4815-B379-CE2B217948CE}.Debug|Any CPU.Build.0 = Debug|Any CPU
		{F1370FE8-C615-4815-B379-CE2B217948CE}.Release|Any CPU.ActiveCfg = Release|Any CPU
		{F1370FE8-C615-4815-B379-CE2B217948CE}.Release|Any CPU.Build.0 = Release|Any CPU
	EndGlobalSection
	GlobalSection(SolutionProperties) = preSolution
		HideSolutionNode = FALSE
	EndGlobalSection
	GlobalSection(ExtensibilityGlobals) = postSolution
		SolutionGuid = {25AE7042-5FBB-4AB1-94B8-07EAE922171B}
	EndGlobalSection
EndGlobal
