
Microsoft Visual Studio Solution File, Format Version 12.00
# Visual Studio 14
VisualStudioVersion = 14.0.25420.1
MinimumVisualStudioVersion = 10.0.40219.1
Project("{FAE04EC0-301F-11D3-BF4B-00C04F79EFBC}") = "01.HelloWorld", "01.HelloWorld\01.HelloWorld.csproj", "{EA1F1A0E-7601-40B0-9314-99B000AA492B}"
EndProject
Project("{FAE04EC0-301F-11D3-BF4B-00C04F79EFBC}") = "Sample", "Sample\Sample.csproj", "{55B25EAB-3474-4F96-9FBA-C1140D6BB449}"
EndProject
Project("{FAE04EC0-301F-11D3-BF4B-00C04F79EFBC}") = "02.Expressions", "02.Expressions\02.Expressions.csproj", "{4EA076EF-E821-420D-B79C-DB0630308748}"
EndProject
Project("{FAE04EC0-301F-11D3-BF4B-00C04F79EFBC}") = "03.Nums1To20", "03.Nums1To20\03.Nums1To20.csproj", "{B2B43D87-46EF-4B58-B226-81698BAB4B20}"
EndProject
Project("{FAE04EC0-301F-11D3-BF4B-00C04F79EFBC}") = "04.Triangle of 55 Stars", "04.Triangle of 55 Stars\04.Triangle of 55 Stars.csproj", "{E4C4B71A-A62D-4B6B-80AE-02854BB8E6C1}"
EndProject
Project("{FAE04EC0-301F-11D3-BF4B-00C04F79EFBC}") = "05.RectangleArea", "05.RectangleArea\05.RectangleArea.csproj", "{22E10B35-98E6-47D6-8834-01FE7AE34847}"
EndProject
Project("{FAE04EC0-301F-11D3-BF4B-00C04F79EFBC}") = "06.InchesToCentimeters", "06.InchesToCentimeters\06.InchesToCentimeters.csproj", "{C22F2351-F6B7-45EB-9604-01D8293E8033}"
EndProject
Project("{FAE04EC0-301F-11D3-BF4B-00C04F79EFBC}") = "07.TrapezoidArea", "07.TrapezoidArea\07.TrapezoidArea.csproj", "{5D32DC16-3F5A-487E-972F-5EEEC251B735}"
EndProject
Project("{FAE04EC0-301F-11D3-BF4B-00C04F79EFBC}") = "08.CircleAreaAndPerimeter", "08.CircleAreaAndPerimeter\08.CircleAreaAndPerimeter.csproj", "{C51879AB-895B-45CF-B7C0-140CE29FA4CD}"
EndProject
Project("{FAE04EC0-301F-11D3-BF4B-00C04F79EFBC}") = "09.TriangleArea", "09.TriangleArea\09.TriangleArea.csproj", "{F03F699F-4CD9-4C8A-898A-4A4688EA4474}"
EndProject
Project("{FAE04EC0-301F-11D3-BF4B-00C04F79EFBC}") = "10.CelsiusToFahrenheit", "10.CelsiusToFahrenheit\10.CelsiusToFahrenheit.csproj", "{44F5547C-9620-41B5-81FF-7B2141B87510}"
EndProject
Project("{FAE04EC0-301F-11D3-BF4B-00C04F79EFBC}") = "11.2DRectangleArea", "11.2DRectangleArea\11.2DRectangleArea.csproj", "{3031634C-CF40-42CD-8EC3-4F3BFA678CC1}"
EndProject
Project("{FAE04EC0-301F-11D3-BF4B-00C04F79EFBC}") = "12.RadiansToDegrees", "12.RadiansToDegrees\12.RadiansToDegrees.csproj", "{1E42CCC5-EFC3-4ECA-A413-51EF5E37E9A8}"
EndProject
Project("{FAE04EC0-301F-11D3-BF4B-00C04F79EFBC}") = "13.CurrencyConverter", "13.CurrencyConverter\13.CurrencyConverter.csproj", "{3160CF0E-0666-4DFD-8050-93DDDEAC76E5}"
EndProject
Project("{FAE04EC0-301F-11D3-BF4B-00C04F79EFBC}") = "Sample2", "Sample2\Sample2.csproj", "{9FCC092B-5639-4C36-A439-963BE96F8041}"
EndProject
Project("{FAE04EC0-301F-11D3-BF4B-00C04F79EFBC}") = "14.EvenOrOdd", "14.EvenOrOdd\14.EvenOrOdd.csproj", "{71A3D72D-32B2-4888-9026-AFCB0F77960F}"
EndProject
Project("{FAE04EC0-301F-11D3-BF4B-00C04F79EFBC}") = "15.GreaterNumber", "15.GreaterNumber\15.GreaterNumber.csproj", "{20552F1D-BC99-4C0C-AEAC-711FA4984FB3}"
EndProject
Project("{FAE04EC0-301F-11D3-BF4B-00C04F79EFBC}") = "16.BonusScore", "16.BonusScore\16.BonusScore.csproj", "{21F1E630-5AA9-4994-9258-CF93212B905E}"
EndProject
Project("{FAE04EC0-301F-11D3-BF4B-00C04F79EFBC}") = "17.PasswordGuess", "17.PasswordGuess\17.PasswordGuess.csproj", "{9747750F-6CF5-4432-9154-3380EFD1E798}"
EndProject
Project("{FAE04EC0-301F-11D3-BF4B-00C04F79EFBC}") = "18.Between100And200", "18.Between100And200\18.Between100And200.csproj", "{4A732EE9-AF54-415D-98E2-51DFEB7B9600}"
EndProject
Project("{FAE04EC0-301F-11D3-BF4B-00C04F79EFBC}") = "19.EqualWords", "19.EqualWords\19.EqualWords.csproj", "{DED67EFA-D2B0-4AF1-A686-52AE08CBDFF4}"
EndProject
Project("{FAE04EC0-301F-11D3-BF4B-00C04F79EFBC}") = "20.AreaOfFigures", "20.AreaOfFigures\20.AreaOfFigures.csproj", "{A3C8474D-9657-4300-997C-204002023980}"
EndProject
Project("{FAE04EC0-301F-11D3-BF4B-00C04F79EFBC}") = "21.MetricConverter", "21.MetricConverter\21.MetricConverter.csproj", "{318C4917-9853-4AED-8AEF-DB054064B4F7}"
EndProject
Project("{FAE04EC0-301F-11D3-BF4B-00C04F79EFBC}") = "22.EqualNumbers", "22.EqualNumbers\22.EqualNumbers.csproj", "{9EED7B9B-96EC-4670-A663-CB94DBCC08CA}"
EndProject
Project("{FAE04EC0-301F-11D3-BF4B-00C04F79EFBC}") = "23.PriceTransport", "23.PriceTransport\23.PriceTransport.csproj", "{C12FBB1C-D62C-45AB-BDC8-67F150A6F3FC}"
EndProject
Project("{FAE04EC0-301F-11D3-BF4B-00C04F79EFBC}") = "24.PoolPipes", "24.PoolPipes\24.PoolPipes.csproj", "{07127A60-CA1E-473F-8B64-DDAEC9E0E8C8}"
EndProject
Project("{FAE04EC0-301F-11D3-BF4B-00C04F79EFBC}") = "25.SmallShop", "25.SmallShop\25.SmallShop.csproj", "{A64FC2B7-F8DE-4B1B-93DF-1FE5AB15E41E}"
EndProject
Project("{FAE04EC0-301F-11D3-BF4B-00C04F79EFBC}") = "26.PointInRectangle", "26.PointInRectangle\26.PointInRectangle.csproj", "{8C32E6FD-1D27-492A-9600-030C4C940A86}"
EndProject
Project("{FAE04EC0-301F-11D3-BF4B-00C04F79EFBC}") = "27.FruitOrVegetable", "27.FruitOrVegetable\27.FruitOrVegetable.csproj", "{839E5009-3F62-4443-B87E-123B3643DC77}"
EndProject
Project("{FAE04EC0-301F-11D3-BF4B-00C04F79EFBC}") = "28.PointOnRectangleBorder", "28.PointOnRectangleBorder\28.PointOnRectangleBorder.csproj", "{970EEF65-2479-48B6-922B-6F9DCD04B6DF}"
EndProject
Project("{FAE04EC0-301F-11D3-BF4B-00C04F79EFBC}") = "29.FruitShop", "29.FruitShop\29.FruitShop.csproj", "{DACFC99F-85F2-411B-9348-E2A0D7F77A07}"
EndProject
Project("{FAE04EC0-301F-11D3-BF4B-00C04F79EFBC}") = "30.TradeComissions", "30.TradeComissions\30.TradeComissions.csproj", "{87B7A2B9-B3B8-467A-9B82-29A4C2DF6AAC}"
EndProject
Project("{FAE04EC0-301F-11D3-BF4B-00C04F79EFBC}") = "31.DayOfWeek", "31.DayOfWeek\31.DayOfWeek.csproj", "{1E1143EC-562E-4148-B574-ED354F10B38B}"
EndProject
Project("{FAE04EC0-301F-11D3-BF4B-00C04F79EFBC}") = "32.AnimalType", "32.AnimalType\32.AnimalType.csproj", "{27CD324B-E378-4FA8-A151-BE2C5ACBE54B}"
EndProject
Project("{FAE04EC0-301F-11D3-BF4B-00C04F79EFBC}") = "33.Cinema", "33.Cinema\33.Cinema.csproj", "{20B38709-6589-4E59-AD34-B50F90868987}"
EndProject
Project("{FAE04EC0-301F-11D3-BF4B-00C04F79EFBC}") = "34.Volleyball", "34.Volleyball\34.Volleyball.csproj", "{B90452AE-DE06-4C4C-B26E-C43D9EC658F3}"
EndProject
Project("{FAE04EC0-301F-11D3-BF4B-00C04F79EFBC}") = "35.AlphabetForLoop", "35.AlphabetForLoop\35.AlphabetForLoop.csproj", "{EF280E03-CCE6-4440-B65E-01E25A23B736}"
EndProject
Project("{FAE04EC0-301F-11D3-BF4B-00C04F79EFBC}") = "36.AddingNumbersWithForLoop", "36.AddingNumbersWithForLoop\36.AddingNumbersWithForLoop.csproj", "{C7983688-E701-4335-BC24-0E402225A52B}"
EndProject
Project("{FAE04EC0-301F-11D3-BF4B-00C04F79EFBC}") = "37.MaxNumber", "37.MaxNumber\37.MaxNumber.csproj", "{D2FAF075-58FC-4DAE-99BA-562D7947CD7F}"
EndProject
Project("{FAE04EC0-301F-11D3-BF4B-00C04F79EFBC}") = "38.MinNumber", "38.MinNumber\38.MinNumber.csproj", "{5265175A-2B84-4EAD-969E-E9F668B3FEFC}"
EndProject
Project("{FAE04EC0-301F-11D3-BF4B-00C04F79EFBC}") = "39LeftAndRightSum", "39LeftAndRightSum\39LeftAndRightSum.csproj", "{CA116727-B0C2-48A0-93CD-A122D3CD9625}"
EndProject
Project("{FAE04EC0-301F-11D3-BF4B-00C04F79EFBC}") = "40.VowelsSum", "40.VowelsSum\40.VowelsSum.csproj", "{3C4D19CE-2EB6-4DCD-9ABD-AFF0EF8D6576}"
EndProject
Project("{FAE04EC0-301F-11D3-BF4B-00C04F79EFBC}") = "41.OddEvenSum", "41.OddEvenSum\41.OddEvenSum.csproj", "{90FCD365-6DD8-4063-88DA-C80989ED5B1C}"
EndProject
Project("{FAE04EC0-301F-11D3-BF4B-00C04F79EFBC}") = "42.HalfSumElement", "42.HalfSumElement\42.HalfSumElement.csproj", "{F5ED15C7-2A64-4F8C-8DE7-EBDDCB999576}"
EndProject
Project("{FAE04EC0-301F-11D3-BF4B-00C04F79EFBC}") = "43.PointInTheFigure", "43.PointInTheFigure\43.PointInTheFigure.csproj", "{8255244C-3842-4D3D-9336-B6D7CF1A3EBF}"
EndProject
Project("{FAE04EC0-301F-11D3-BF4B-00C04F79EFBC}") = "44.OddOrEvenPosition", "44.OddOrEvenPosition\44.OddOrEvenPosition.csproj", "{816A7975-0F69-44FA-9A91-F2BDC2EB7F56}"
EndProject
Project("{FAE04EC0-301F-11D3-BF4B-00C04F79EFBC}") = "45.RectangleOf10x10Stars", "45.RectangleOf10x10Stars\45.RectangleOf10x10Stars.csproj", "{9951DA9D-8B42-4C94-BEEC-22B4201B75B0}"
EndProject
Project("{FAE04EC0-301F-11D3-BF4B-00C04F79EFBC}") = "46.RectangleOfNxNStars", "46.RectangleOfNxNStars\46.RectangleOfNxNStars.csproj", "{F58AEAD3-2041-4020-A93C-3F0A8AF3A5F3}"
EndProject
Project("{FAE04EC0-301F-11D3-BF4B-00C04F79EFBC}") = "47.SquareOfStars", "47.SquareOfStars\47.SquareOfStars.csproj", "{CFC329B8-D8F2-4B89-933E-3255DB565B4D}"
EndProject
Project("{FAE04EC0-301F-11D3-BF4B-00C04F79EFBC}") = "48.TriangleOfDollars", "48.TriangleOfDollars\48.TriangleOfDollars.csproj", "{0CBC49C3-F6E0-4368-A75A-E30C0AD8C5B3}"
EndProject
Project("{FAE04EC0-301F-11D3-BF4B-00C04F79EFBC}") = "49.Square Frame", "49.Square Frame\49.Square Frame.csproj", "{65488D74-3787-4225-AC7A-7E610CDC5B5E}"
EndProject
Project("{FAE04EC0-301F-11D3-BF4B-00C04F79EFBC}") = "50.RhombusOfStars", "50.RhombusOfStars\50.RhombusOfStars.csproj", "{655BD323-4F6C-4D57-92D9-89585F4AE094}"
EndProject
Project("{FAE04EC0-301F-11D3-BF4B-00C04F79EFBC}") = "51.ChristmasTree", "51.ChristmasTree\51.ChristmasTree.csproj", "{6B96228B-E89D-4461-AB6C-E15A08847128}"
EndProject
Project("{FAE04EC0-301F-11D3-BF4B-00C04F79EFBC}") = "magicString();", "magicString();\magicString();.csproj", "{37AE2B1F-9838-4B29-A89D-753E70F57D05}"
EndProject
Project("{FAE04EC0-301F-11D3-BF4B-00C04F79EFBC}") = "53.Sunglasses", "53.Sunglasses\53.Sunglasses.csproj", "{95230198-72BD-4289-91ED-3DFD717DC4D1}"
EndProject
Project("{FAE04EC0-301F-11D3-BF4B-00C04F79EFBC}") = "SampleExamsProblem1", "SampleExamsProblem1\SampleExamsProblem1.csproj", "{3CE435B6-91DD-4CE9-B54B-E0038B5176D9}"
EndProject
Project("{FAE04EC0-301F-11D3-BF4B-00C04F79EFBC}") = "SampleExamsProblem2", "SampleExamsProblem2\SampleExamsProblem2.csproj", "{58FA8342-2272-4839-A3A8-DFCDCE1685B3}"
EndProject
Project("{FAE04EC0-301F-11D3-BF4B-00C04F79EFBC}") = "SampleExamsProblem3", "SampleExamsProblem3\SampleExamsProblem3.csproj", "{B75AFFD8-2F72-4C32-98ED-F784C60BDBE1}"
EndProject
Project("{FAE04EC0-301F-11D3-BF4B-00C04F79EFBC}") = "SampleExamsProblem4", "SampleExamsProblem4\SampleExamsProblem4.csproj", "{F46747CD-85FB-4731-BEB0-CE47B4121B37}"
EndProject
Project("{FAE04EC0-301F-11D3-BF4B-00C04F79EFBC}") = "SampleExamsProblem5", "SampleExamsProblem5\SampleExamsProblem5.csproj", "{05655F46-DA58-41F6-B054-17043C98DDC3}"
EndProject
Project("{FAE04EC0-301F-11D3-BF4B-00C04F79EFBC}") = "SampleExamsProblem6", "SampleExamsProblem6\SampleExamsProblem6.csproj", "{168C0C6E-546A-4F20-81CA-6C73B8391D3D}"
EndProject
Project("{FAE04EC0-301F-11D3-BF4B-00C04F79EFBC}") = "ProblemFromMitaka1", "ProblemFromMitaka1\ProblemFromMitaka1.csproj", "{A899784B-DE99-4A5B-9A00-34CDFD9A9B6C}"
EndProject
Project("{FAE04EC0-301F-11D3-BF4B-00C04F79EFBC}") = "54.GreatestCommonDivisor(CGD)", "54.GreatestCommonDivisor(CGD)\54.GreatestCommonDivisor(CGD).csproj", "{1788439C-A615-4BEE-AC50-264CCD4DEF63}"
EndProject
Project("{FAE04EC0-301F-11D3-BF4B-00C04F79EFBC}") = "55.Fox", "55.Fox\55.Fox.csproj", "{E615BF50-4561-4CA1-9A87-F00A38101D3F}"
EndProject
Project("{FAE04EC0-301F-11D3-BF4B-00C04F79EFBC}") = "56.Factorial", "56.Factorial\56.Factorial.csproj", "{105239F6-955C-44C5-86C1-F435BC39142B}"
EndProject
Project("{FAE04EC0-301F-11D3-BF4B-00C04F79EFBC}") = "57.SumOfDigitsOfNumber", "57.SumOfDigitsOfNumber\57.SumOfDigitsOfNumber.csproj", "{6C91C417-B111-47B0-BBBC-4967ED0D3B69}"
EndProject
Project("{FAE04EC0-301F-11D3-BF4B-00C04F79EFBC}") = "58.MaxCombination", "58.MaxCombination\58.MaxCombination.csproj", "{41D31696-D2E1-41F3-AB43-80DA24B7B156}"
EndProject
Project("{FAE04EC0-301F-11D3-BF4B-00C04F79EFBC}") = "59.Rocket", "59.Rocket\59.Rocket.csproj", "{C9563362-9622-4EA2-AF8E-241694C63CD6}"
EndProject
Project("{FAE04EC0-301F-11D3-BF4B-00C04F79EFBC}") = "60.SleepyTom", "60.SleepyTom\60.SleepyTom.csproj", "{D85693E0-A2C7-4552-BEBB-E286F8412C11}"
EndProject
Project("{FAE04EC0-301F-11D3-BF4B-00C04F79EFBC}") = "61.OperationsBetweenNumbers", "61.OperationsBetweenNumbers\61.OperationsBetweenNumbers.csproj", "{42282A22-A824-40FE-9406-5B5001F69A25}"
EndProject
Project("{FAE04EC0-301F-11D3-BF4B-00C04F79EFBC}") = "62.SmartLilly", "62.SmartLilly\62.SmartLilly.csproj", "{F75F3DBD-D49A-4474-8413-AACFDA1A4187}"
EndProject
Project("{FAE04EC0-301F-11D3-BF4B-00C04F79EFBC}") = "ProgrammingBasicsExam1", "ProgrammingBasicsExam1\ProgrammingBasicsExam1.csproj", "{CFDAEBF1-D772-4892-901A-5E53588FE039}"
EndProject
Project("{FAE04EC0-301F-11D3-BF4B-00C04F79EFBC}") = "ProgrammingBasicsExam2", "ProgrammingBasicsExam2\ProgrammingBasicsExam2.csproj", "{BFB9B316-F397-4D75-BE6C-D5E1F6181FE4}"
EndProject
Project("{FAE04EC0-301F-11D3-BF4B-00C04F79EFBC}") = "ProgrammingBasicsExam3", "ProgrammingBasicsExam3\ProgrammingBasicsExam3.csproj", "{71F5DB85-B3A4-4E8C-8EDD-2B584B84C906}"
EndProject
Project("{FAE04EC0-301F-11D3-BF4B-00C04F79EFBC}") = "ProgrammingBasicsExam5", "ProgrammingBasicsExam5\ProgrammingBasicsExam5.csproj", "{7F6928D3-721B-4916-8A17-FA3269519D04}"
EndProject
Project("{FAE04EC0-301F-11D3-BF4B-00C04F79EFBC}") = "ProgrammingBasicsExam4", "ProgrammingBasicsExam4\ProgrammingBasicsExam4.csproj", "{B7816BD8-44F7-4F0A-B37F-F1D48CE45E2C}"
EndProject
Project("{FAE04EC0-301F-11D3-BF4B-00C04F79EFBC}") = "ProgrammingBasicsExam6", "ProgrammingBasicsExam6\ProgrammingBasicsExam6.csproj", "{384FB4EC-F42C-4920-9BEF-1F9A4CFE77C6}"
EndProject
Project("{FAE04EC0-301F-11D3-BF4B-00C04F79EFBC}") = "ProgrammingBasicsDecember2016CombinationOfChars", "ProgrammingBasicsDecember2016CombinationOfChars\ProgrammingBasicsDecember2016CombinationOfChars.csproj", "{5F441C74-0D9C-40F4-89ED-3F168A2446F8}"
EndProject
Global
	GlobalSection(SolutionConfigurationPlatforms) = preSolution
		Debug|Any CPU = Debug|Any CPU
		Release|Any CPU = Release|Any CPU
	EndGlobalSection
	GlobalSection(ProjectConfigurationPlatforms) = postSolution
		{EA1F1A0E-7601-40B0-9314-99B000AA492B}.Debug|Any CPU.ActiveCfg = Debug|Any CPU
		{EA1F1A0E-7601-40B0-9314-99B000AA492B}.Debug|Any CPU.Build.0 = Debug|Any CPU
		{EA1F1A0E-7601-40B0-9314-99B000AA492B}.Release|Any CPU.ActiveCfg = Release|Any CPU
		{EA1F1A0E-7601-40B0-9314-99B000AA492B}.Release|Any CPU.Build.0 = Release|Any CPU
		{55B25EAB-3474-4F96-9FBA-C1140D6BB449}.Debug|Any CPU.ActiveCfg = Debug|Any CPU
		{55B25EAB-3474-4F96-9FBA-C1140D6BB449}.Debug|Any CPU.Build.0 = Debug|Any CPU
		{55B25EAB-3474-4F96-9FBA-C1140D6BB449}.Release|Any CPU.ActiveCfg = Release|Any CPU
		{55B25EAB-3474-4F96-9FBA-C1140D6BB449}.Release|Any CPU.Build.0 = Release|Any CPU
		{4EA076EF-E821-420D-B79C-DB0630308748}.Debug|Any CPU.ActiveCfg = Debug|Any CPU
		{4EA076EF-E821-420D-B79C-DB0630308748}.Debug|Any CPU.Build.0 = Debug|Any CPU
		{4EA076EF-E821-420D-B79C-DB0630308748}.Release|Any CPU.ActiveCfg = Release|Any CPU
		{4EA076EF-E821-420D-B79C-DB0630308748}.Release|Any CPU.Build.0 = Release|Any CPU
		{B2B43D87-46EF-4B58-B226-81698BAB4B20}.Debug|Any CPU.ActiveCfg = Debug|Any CPU
		{B2B43D87-46EF-4B58-B226-81698BAB4B20}.Debug|Any CPU.Build.0 = Debug|Any CPU
		{B2B43D87-46EF-4B58-B226-81698BAB4B20}.Release|Any CPU.ActiveCfg = Release|Any CPU
		{B2B43D87-46EF-4B58-B226-81698BAB4B20}.Release|Any CPU.Build.0 = Release|Any CPU
		{E4C4B71A-A62D-4B6B-80AE-02854BB8E6C1}.Debug|Any CPU.ActiveCfg = Debug|Any CPU
		{E4C4B71A-A62D-4B6B-80AE-02854BB8E6C1}.Debug|Any CPU.Build.0 = Debug|Any CPU
		{E4C4B71A-A62D-4B6B-80AE-02854BB8E6C1}.Release|Any CPU.ActiveCfg = Release|Any CPU
		{E4C4B71A-A62D-4B6B-80AE-02854BB8E6C1}.Release|Any CPU.Build.0 = Release|Any CPU
		{22E10B35-98E6-47D6-8834-01FE7AE34847}.Debug|Any CPU.ActiveCfg = Debug|Any CPU
		{22E10B35-98E6-47D6-8834-01FE7AE34847}.Debug|Any CPU.Build.0 = Debug|Any CPU
		{22E10B35-98E6-47D6-8834-01FE7AE34847}.Release|Any CPU.ActiveCfg = Release|Any CPU
		{22E10B35-98E6-47D6-8834-01FE7AE34847}.Release|Any CPU.Build.0 = Release|Any CPU
		{C22F2351-F6B7-45EB-9604-01D8293E8033}.Debug|Any CPU.ActiveCfg = Debug|Any CPU
		{C22F2351-F6B7-45EB-9604-01D8293E8033}.Debug|Any CPU.Build.0 = Debug|Any CPU
		{C22F2351-F6B7-45EB-9604-01D8293E8033}.Release|Any CPU.ActiveCfg = Release|Any CPU
		{C22F2351-F6B7-45EB-9604-01D8293E8033}.Release|Any CPU.Build.0 = Release|Any CPU
		{5D32DC16-3F5A-487E-972F-5EEEC251B735}.Debug|Any CPU.ActiveCfg = Debug|Any CPU
		{5D32DC16-3F5A-487E-972F-5EEEC251B735}.Debug|Any CPU.Build.0 = Debug|Any CPU
		{5D32DC16-3F5A-487E-972F-5EEEC251B735}.Release|Any CPU.ActiveCfg = Release|Any CPU
		{5D32DC16-3F5A-487E-972F-5EEEC251B735}.Release|Any CPU.Build.0 = Release|Any CPU
		{C51879AB-895B-45CF-B7C0-140CE29FA4CD}.Debug|Any CPU.ActiveCfg = Debug|Any CPU
		{C51879AB-895B-45CF-B7C0-140CE29FA4CD}.Debug|Any CPU.Build.0 = Debug|Any CPU
		{C51879AB-895B-45CF-B7C0-140CE29FA4CD}.Release|Any CPU.ActiveCfg = Release|Any CPU
		{C51879AB-895B-45CF-B7C0-140CE29FA4CD}.Release|Any CPU.Build.0 = Release|Any CPU
		{F03F699F-4CD9-4C8A-898A-4A4688EA4474}.Debug|Any CPU.ActiveCfg = Debug|Any CPU
		{F03F699F-4CD9-4C8A-898A-4A4688EA4474}.Debug|Any CPU.Build.0 = Debug|Any CPU
		{F03F699F-4CD9-4C8A-898A-4A4688EA4474}.Release|Any CPU.ActiveCfg = Release|Any CPU
		{F03F699F-4CD9-4C8A-898A-4A4688EA4474}.Release|Any CPU.Build.0 = Release|Any CPU
		{44F5547C-9620-41B5-81FF-7B2141B87510}.Debug|Any CPU.ActiveCfg = Debug|Any CPU
		{44F5547C-9620-41B5-81FF-7B2141B87510}.Debug|Any CPU.Build.0 = Debug|Any CPU
		{44F5547C-9620-41B5-81FF-7B2141B87510}.Release|Any CPU.ActiveCfg = Release|Any CPU
		{44F5547C-9620-41B5-81FF-7B2141B87510}.Release|Any CPU.Build.0 = Release|Any CPU
		{3031634C-CF40-42CD-8EC3-4F3BFA678CC1}.Debug|Any CPU.ActiveCfg = Debug|Any CPU
		{3031634C-CF40-42CD-8EC3-4F3BFA678CC1}.Debug|Any CPU.Build.0 = Debug|Any CPU
		{3031634C-CF40-42CD-8EC3-4F3BFA678CC1}.Release|Any CPU.ActiveCfg = Release|Any CPU
		{3031634C-CF40-42CD-8EC3-4F3BFA678CC1}.Release|Any CPU.Build.0 = Release|Any CPU
		{1E42CCC5-EFC3-4ECA-A413-51EF5E37E9A8}.Debug|Any CPU.ActiveCfg = Debug|Any CPU
		{1E42CCC5-EFC3-4ECA-A413-51EF5E37E9A8}.Debug|Any CPU.Build.0 = Debug|Any CPU
		{1E42CCC5-EFC3-4ECA-A413-51EF5E37E9A8}.Release|Any CPU.ActiveCfg = Release|Any CPU
		{1E42CCC5-EFC3-4ECA-A413-51EF5E37E9A8}.Release|Any CPU.Build.0 = Release|Any CPU
		{3160CF0E-0666-4DFD-8050-93DDDEAC76E5}.Debug|Any CPU.ActiveCfg = Debug|Any CPU
		{3160CF0E-0666-4DFD-8050-93DDDEAC76E5}.Debug|Any CPU.Build.0 = Debug|Any CPU
		{3160CF0E-0666-4DFD-8050-93DDDEAC76E5}.Release|Any CPU.ActiveCfg = Release|Any CPU
		{3160CF0E-0666-4DFD-8050-93DDDEAC76E5}.Release|Any CPU.Build.0 = Release|Any CPU
		{9FCC092B-5639-4C36-A439-963BE96F8041}.Debug|Any CPU.ActiveCfg = Debug|Any CPU
		{9FCC092B-5639-4C36-A439-963BE96F8041}.Debug|Any CPU.Build.0 = Debug|Any CPU
		{9FCC092B-5639-4C36-A439-963BE96F8041}.Release|Any CPU.ActiveCfg = Release|Any CPU
		{9FCC092B-5639-4C36-A439-963BE96F8041}.Release|Any CPU.Build.0 = Release|Any CPU
		{71A3D72D-32B2-4888-9026-AFCB0F77960F}.Debug|Any CPU.ActiveCfg = Debug|Any CPU
		{71A3D72D-32B2-4888-9026-AFCB0F77960F}.Debug|Any CPU.Build.0 = Debug|Any CPU
		{71A3D72D-32B2-4888-9026-AFCB0F77960F}.Release|Any CPU.ActiveCfg = Release|Any CPU
		{71A3D72D-32B2-4888-9026-AFCB0F77960F}.Release|Any CPU.Build.0 = Release|Any CPU
		{20552F1D-BC99-4C0C-AEAC-711FA4984FB3}.Debug|Any CPU.ActiveCfg = Debug|Any CPU
		{20552F1D-BC99-4C0C-AEAC-711FA4984FB3}.Debug|Any CPU.Build.0 = Debug|Any CPU
		{20552F1D-BC99-4C0C-AEAC-711FA4984FB3}.Release|Any CPU.ActiveCfg = Release|Any CPU
		{20552F1D-BC99-4C0C-AEAC-711FA4984FB3}.Release|Any CPU.Build.0 = Release|Any CPU
		{21F1E630-5AA9-4994-9258-CF93212B905E}.Debug|Any CPU.ActiveCfg = Debug|Any CPU
		{21F1E630-5AA9-4994-9258-CF93212B905E}.Debug|Any CPU.Build.0 = Debug|Any CPU
		{21F1E630-5AA9-4994-9258-CF93212B905E}.Release|Any CPU.ActiveCfg = Release|Any CPU
		{21F1E630-5AA9-4994-9258-CF93212B905E}.Release|Any CPU.Build.0 = Release|Any CPU
		{9747750F-6CF5-4432-9154-3380EFD1E798}.Debug|Any CPU.ActiveCfg = Debug|Any CPU
		{9747750F-6CF5-4432-9154-3380EFD1E798}.Debug|Any CPU.Build.0 = Debug|Any CPU
		{9747750F-6CF5-4432-9154-3380EFD1E798}.Release|Any CPU.ActiveCfg = Release|Any CPU
		{9747750F-6CF5-4432-9154-3380EFD1E798}.Release|Any CPU.Build.0 = Release|Any CPU
		{4A732EE9-AF54-415D-98E2-51DFEB7B9600}.Debug|Any CPU.ActiveCfg = Debug|Any CPU
		{4A732EE9-AF54-415D-98E2-51DFEB7B9600}.Debug|Any CPU.Build.0 = Debug|Any CPU
		{4A732EE9-AF54-415D-98E2-51DFEB7B9600}.Release|Any CPU.ActiveCfg = Release|Any CPU
		{4A732EE9-AF54-415D-98E2-51DFEB7B9600}.Release|Any CPU.Build.0 = Release|Any CPU
		{DED67EFA-D2B0-4AF1-A686-52AE08CBDFF4}.Debug|Any CPU.ActiveCfg = Debug|Any CPU
		{DED67EFA-D2B0-4AF1-A686-52AE08CBDFF4}.Debug|Any CPU.Build.0 = Debug|Any CPU
		{DED67EFA-D2B0-4AF1-A686-52AE08CBDFF4}.Release|Any CPU.ActiveCfg = Release|Any CPU
		{DED67EFA-D2B0-4AF1-A686-52AE08CBDFF4}.Release|Any CPU.Build.0 = Release|Any CPU
		{A3C8474D-9657-4300-997C-204002023980}.Debug|Any CPU.ActiveCfg = Debug|Any CPU
		{A3C8474D-9657-4300-997C-204002023980}.Debug|Any CPU.Build.0 = Debug|Any CPU
		{A3C8474D-9657-4300-997C-204002023980}.Release|Any CPU.ActiveCfg = Release|Any CPU
		{A3C8474D-9657-4300-997C-204002023980}.Release|Any CPU.Build.0 = Release|Any CPU
		{318C4917-9853-4AED-8AEF-DB054064B4F7}.Debug|Any CPU.ActiveCfg = Debug|Any CPU
		{318C4917-9853-4AED-8AEF-DB054064B4F7}.Debug|Any CPU.Build.0 = Debug|Any CPU
		{318C4917-9853-4AED-8AEF-DB054064B4F7}.Release|Any CPU.ActiveCfg = Release|Any CPU
		{318C4917-9853-4AED-8AEF-DB054064B4F7}.Release|Any CPU.Build.0 = Release|Any CPU
		{9EED7B9B-96EC-4670-A663-CB94DBCC08CA}.Debug|Any CPU.ActiveCfg = Debug|Any CPU
		{9EED7B9B-96EC-4670-A663-CB94DBCC08CA}.Debug|Any CPU.Build.0 = Debug|Any CPU
		{9EED7B9B-96EC-4670-A663-CB94DBCC08CA}.Release|Any CPU.ActiveCfg = Release|Any CPU
		{9EED7B9B-96EC-4670-A663-CB94DBCC08CA}.Release|Any CPU.Build.0 = Release|Any CPU
		{C12FBB1C-D62C-45AB-BDC8-67F150A6F3FC}.Debug|Any CPU.ActiveCfg = Debug|Any CPU
		{C12FBB1C-D62C-45AB-BDC8-67F150A6F3FC}.Debug|Any CPU.Build.0 = Debug|Any CPU
		{C12FBB1C-D62C-45AB-BDC8-67F150A6F3FC}.Release|Any CPU.ActiveCfg = Release|Any CPU
		{C12FBB1C-D62C-45AB-BDC8-67F150A6F3FC}.Release|Any CPU.Build.0 = Release|Any CPU
		{07127A60-CA1E-473F-8B64-DDAEC9E0E8C8}.Debug|Any CPU.ActiveCfg = Debug|Any CPU
		{07127A60-CA1E-473F-8B64-DDAEC9E0E8C8}.Debug|Any CPU.Build.0 = Debug|Any CPU
		{07127A60-CA1E-473F-8B64-DDAEC9E0E8C8}.Release|Any CPU.ActiveCfg = Release|Any CPU
		{07127A60-CA1E-473F-8B64-DDAEC9E0E8C8}.Release|Any CPU.Build.0 = Release|Any CPU
		{A64FC2B7-F8DE-4B1B-93DF-1FE5AB15E41E}.Debug|Any CPU.ActiveCfg = Debug|Any CPU
		{A64FC2B7-F8DE-4B1B-93DF-1FE5AB15E41E}.Debug|Any CPU.Build.0 = Debug|Any CPU
		{A64FC2B7-F8DE-4B1B-93DF-1FE5AB15E41E}.Release|Any CPU.ActiveCfg = Release|Any CPU
		{A64FC2B7-F8DE-4B1B-93DF-1FE5AB15E41E}.Release|Any CPU.Build.0 = Release|Any CPU
		{8C32E6FD-1D27-492A-9600-030C4C940A86}.Debug|Any CPU.ActiveCfg = Debug|Any CPU
		{8C32E6FD-1D27-492A-9600-030C4C940A86}.Debug|Any CPU.Build.0 = Debug|Any CPU
		{8C32E6FD-1D27-492A-9600-030C4C940A86}.Release|Any CPU.ActiveCfg = Release|Any CPU
		{8C32E6FD-1D27-492A-9600-030C4C940A86}.Release|Any CPU.Build.0 = Release|Any CPU
		{839E5009-3F62-4443-B87E-123B3643DC77}.Debug|Any CPU.ActiveCfg = Debug|Any CPU
		{839E5009-3F62-4443-B87E-123B3643DC77}.Debug|Any CPU.Build.0 = Debug|Any CPU
		{839E5009-3F62-4443-B87E-123B3643DC77}.Release|Any CPU.ActiveCfg = Release|Any CPU
		{839E5009-3F62-4443-B87E-123B3643DC77}.Release|Any CPU.Build.0 = Release|Any CPU
		{970EEF65-2479-48B6-922B-6F9DCD04B6DF}.Debug|Any CPU.ActiveCfg = Debug|Any CPU
		{970EEF65-2479-48B6-922B-6F9DCD04B6DF}.Debug|Any CPU.Build.0 = Debug|Any CPU
		{970EEF65-2479-48B6-922B-6F9DCD04B6DF}.Release|Any CPU.ActiveCfg = Release|Any CPU
		{970EEF65-2479-48B6-922B-6F9DCD04B6DF}.Release|Any CPU.Build.0 = Release|Any CPU
		{DACFC99F-85F2-411B-9348-E2A0D7F77A07}.Debug|Any CPU.ActiveCfg = Debug|Any CPU
		{DACFC99F-85F2-411B-9348-E2A0D7F77A07}.Debug|Any CPU.Build.0 = Debug|Any CPU
		{DACFC99F-85F2-411B-9348-E2A0D7F77A07}.Release|Any CPU.ActiveCfg = Release|Any CPU
		{DACFC99F-85F2-411B-9348-E2A0D7F77A07}.Release|Any CPU.Build.0 = Release|Any CPU
		{87B7A2B9-B3B8-467A-9B82-29A4C2DF6AAC}.Debug|Any CPU.ActiveCfg = Debug|Any CPU
		{87B7A2B9-B3B8-467A-9B82-29A4C2DF6AAC}.Debug|Any CPU.Build.0 = Debug|Any CPU
		{87B7A2B9-B3B8-467A-9B82-29A4C2DF6AAC}.Release|Any CPU.ActiveCfg = Release|Any CPU
		{87B7A2B9-B3B8-467A-9B82-29A4C2DF6AAC}.Release|Any CPU.Build.0 = Release|Any CPU
		{1E1143EC-562E-4148-B574-ED354F10B38B}.Debug|Any CPU.ActiveCfg = Debug|Any CPU
		{1E1143EC-562E-4148-B574-ED354F10B38B}.Debug|Any CPU.Build.0 = Debug|Any CPU
		{1E1143EC-562E-4148-B574-ED354F10B38B}.Release|Any CPU.ActiveCfg = Release|Any CPU
		{1E1143EC-562E-4148-B574-ED354F10B38B}.Release|Any CPU.Build.0 = Release|Any CPU
		{27CD324B-E378-4FA8-A151-BE2C5ACBE54B}.Debug|Any CPU.ActiveCfg = Debug|Any CPU
		{27CD324B-E378-4FA8-A151-BE2C5ACBE54B}.Debug|Any CPU.Build.0 = Debug|Any CPU
		{27CD324B-E378-4FA8-A151-BE2C5ACBE54B}.Release|Any CPU.ActiveCfg = Release|Any CPU
		{27CD324B-E378-4FA8-A151-BE2C5ACBE54B}.Release|Any CPU.Build.0 = Release|Any CPU
		{20B38709-6589-4E59-AD34-B50F90868987}.Debug|Any CPU.ActiveCfg = Debug|Any CPU
		{20B38709-6589-4E59-AD34-B50F90868987}.Debug|Any CPU.Build.0 = Debug|Any CPU
		{20B38709-6589-4E59-AD34-B50F90868987}.Release|Any CPU.ActiveCfg = Release|Any CPU
		{20B38709-6589-4E59-AD34-B50F90868987}.Release|Any CPU.Build.0 = Release|Any CPU
		{B90452AE-DE06-4C4C-B26E-C43D9EC658F3}.Debug|Any CPU.ActiveCfg = Debug|Any CPU
		{B90452AE-DE06-4C4C-B26E-C43D9EC658F3}.Debug|Any CPU.Build.0 = Debug|Any CPU
		{B90452AE-DE06-4C4C-B26E-C43D9EC658F3}.Release|Any CPU.ActiveCfg = Release|Any CPU
		{B90452AE-DE06-4C4C-B26E-C43D9EC658F3}.Release|Any CPU.Build.0 = Release|Any CPU
		{EF280E03-CCE6-4440-B65E-01E25A23B736}.Debug|Any CPU.ActiveCfg = Debug|Any CPU
		{EF280E03-CCE6-4440-B65E-01E25A23B736}.Debug|Any CPU.Build.0 = Debug|Any CPU
		{EF280E03-CCE6-4440-B65E-01E25A23B736}.Release|Any CPU.ActiveCfg = Release|Any CPU
		{EF280E03-CCE6-4440-B65E-01E25A23B736}.Release|Any CPU.Build.0 = Release|Any CPU
		{C7983688-E701-4335-BC24-0E402225A52B}.Debug|Any CPU.ActiveCfg = Debug|Any CPU
		{C7983688-E701-4335-BC24-0E402225A52B}.Debug|Any CPU.Build.0 = Debug|Any CPU
		{C7983688-E701-4335-BC24-0E402225A52B}.Release|Any CPU.ActiveCfg = Release|Any CPU
		{C7983688-E701-4335-BC24-0E402225A52B}.Release|Any CPU.Build.0 = Release|Any CPU
		{D2FAF075-58FC-4DAE-99BA-562D7947CD7F}.Debug|Any CPU.ActiveCfg = Debug|Any CPU
		{D2FAF075-58FC-4DAE-99BA-562D7947CD7F}.Debug|Any CPU.Build.0 = Debug|Any CPU
		{D2FAF075-58FC-4DAE-99BA-562D7947CD7F}.Release|Any CPU.ActiveCfg = Release|Any CPU
		{D2FAF075-58FC-4DAE-99BA-562D7947CD7F}.Release|Any CPU.Build.0 = Release|Any CPU
		{5265175A-2B84-4EAD-969E-E9F668B3FEFC}.Debug|Any CPU.ActiveCfg = Debug|Any CPU
		{5265175A-2B84-4EAD-969E-E9F668B3FEFC}.Debug|Any CPU.Build.0 = Debug|Any CPU
		{5265175A-2B84-4EAD-969E-E9F668B3FEFC}.Release|Any CPU.ActiveCfg = Release|Any CPU
		{5265175A-2B84-4EAD-969E-E9F668B3FEFC}.Release|Any CPU.Build.0 = Release|Any CPU
		{CA116727-B0C2-48A0-93CD-A122D3CD9625}.Debug|Any CPU.ActiveCfg = Debug|Any CPU
		{CA116727-B0C2-48A0-93CD-A122D3CD9625}.Debug|Any CPU.Build.0 = Debug|Any CPU
		{CA116727-B0C2-48A0-93CD-A122D3CD9625}.Release|Any CPU.ActiveCfg = Release|Any CPU
		{CA116727-B0C2-48A0-93CD-A122D3CD9625}.Release|Any CPU.Build.0 = Release|Any CPU
		{3C4D19CE-2EB6-4DCD-9ABD-AFF0EF8D6576}.Debug|Any CPU.ActiveCfg = Debug|Any CPU
		{3C4D19CE-2EB6-4DCD-9ABD-AFF0EF8D6576}.Debug|Any CPU.Build.0 = Debug|Any CPU
		{3C4D19CE-2EB6-4DCD-9ABD-AFF0EF8D6576}.Release|Any CPU.ActiveCfg = Release|Any CPU
		{3C4D19CE-2EB6-4DCD-9ABD-AFF0EF8D6576}.Release|Any CPU.Build.0 = Release|Any CPU
		{90FCD365-6DD8-4063-88DA-C80989ED5B1C}.Debug|Any CPU.ActiveCfg = Debug|Any CPU
		{90FCD365-6DD8-4063-88DA-C80989ED5B1C}.Debug|Any CPU.Build.0 = Debug|Any CPU
		{90FCD365-6DD8-4063-88DA-C80989ED5B1C}.Release|Any CPU.ActiveCfg = Release|Any CPU
		{90FCD365-6DD8-4063-88DA-C80989ED5B1C}.Release|Any CPU.Build.0 = Release|Any CPU
		{F5ED15C7-2A64-4F8C-8DE7-EBDDCB999576}.Debug|Any CPU.ActiveCfg = Debug|Any CPU
		{F5ED15C7-2A64-4F8C-8DE7-EBDDCB999576}.Debug|Any CPU.Build.0 = Debug|Any CPU
		{F5ED15C7-2A64-4F8C-8DE7-EBDDCB999576}.Release|Any CPU.ActiveCfg = Release|Any CPU
		{F5ED15C7-2A64-4F8C-8DE7-EBDDCB999576}.Release|Any CPU.Build.0 = Release|Any CPU
		{8255244C-3842-4D3D-9336-B6D7CF1A3EBF}.Debug|Any CPU.ActiveCfg = Debug|Any CPU
		{8255244C-3842-4D3D-9336-B6D7CF1A3EBF}.Debug|Any CPU.Build.0 = Debug|Any CPU
		{8255244C-3842-4D3D-9336-B6D7CF1A3EBF}.Release|Any CPU.ActiveCfg = Release|Any CPU
		{8255244C-3842-4D3D-9336-B6D7CF1A3EBF}.Release|Any CPU.Build.0 = Release|Any CPU
		{816A7975-0F69-44FA-9A91-F2BDC2EB7F56}.Debug|Any CPU.ActiveCfg = Debug|Any CPU
		{816A7975-0F69-44FA-9A91-F2BDC2EB7F56}.Debug|Any CPU.Build.0 = Debug|Any CPU
		{816A7975-0F69-44FA-9A91-F2BDC2EB7F56}.Release|Any CPU.ActiveCfg = Release|Any CPU
		{816A7975-0F69-44FA-9A91-F2BDC2EB7F56}.Release|Any CPU.Build.0 = Release|Any CPU
		{9951DA9D-8B42-4C94-BEEC-22B4201B75B0}.Debug|Any CPU.ActiveCfg = Debug|Any CPU
		{9951DA9D-8B42-4C94-BEEC-22B4201B75B0}.Debug|Any CPU.Build.0 = Debug|Any CPU
		{9951DA9D-8B42-4C94-BEEC-22B4201B75B0}.Release|Any CPU.ActiveCfg = Release|Any CPU
		{9951DA9D-8B42-4C94-BEEC-22B4201B75B0}.Release|Any CPU.Build.0 = Release|Any CPU
		{F58AEAD3-2041-4020-A93C-3F0A8AF3A5F3}.Debug|Any CPU.ActiveCfg = Debug|Any CPU
		{F58AEAD3-2041-4020-A93C-3F0A8AF3A5F3}.Debug|Any CPU.Build.0 = Debug|Any CPU
		{F58AEAD3-2041-4020-A93C-3F0A8AF3A5F3}.Release|Any CPU.ActiveCfg = Release|Any CPU
		{F58AEAD3-2041-4020-A93C-3F0A8AF3A5F3}.Release|Any CPU.Build.0 = Release|Any CPU
		{CFC329B8-D8F2-4B89-933E-3255DB565B4D}.Debug|Any CPU.ActiveCfg = Debug|Any CPU
		{CFC329B8-D8F2-4B89-933E-3255DB565B4D}.Debug|Any CPU.Build.0 = Debug|Any CPU
		{CFC329B8-D8F2-4B89-933E-3255DB565B4D}.Release|Any CPU.ActiveCfg = Release|Any CPU
		{CFC329B8-D8F2-4B89-933E-3255DB565B4D}.Release|Any CPU.Build.0 = Release|Any CPU
		{0CBC49C3-F6E0-4368-A75A-E30C0AD8C5B3}.Debug|Any CPU.ActiveCfg = Debug|Any CPU
		{0CBC49C3-F6E0-4368-A75A-E30C0AD8C5B3}.Debug|Any CPU.Build.0 = Debug|Any CPU
		{0CBC49C3-F6E0-4368-A75A-E30C0AD8C5B3}.Release|Any CPU.ActiveCfg = Release|Any CPU
		{0CBC49C3-F6E0-4368-A75A-E30C0AD8C5B3}.Release|Any CPU.Build.0 = Release|Any CPU
		{65488D74-3787-4225-AC7A-7E610CDC5B5E}.Debug|Any CPU.ActiveCfg = Debug|Any CPU
		{65488D74-3787-4225-AC7A-7E610CDC5B5E}.Debug|Any CPU.Build.0 = Debug|Any CPU
		{65488D74-3787-4225-AC7A-7E610CDC5B5E}.Release|Any CPU.ActiveCfg = Release|Any CPU
		{65488D74-3787-4225-AC7A-7E610CDC5B5E}.Release|Any CPU.Build.0 = Release|Any CPU
		{655BD323-4F6C-4D57-92D9-89585F4AE094}.Debug|Any CPU.ActiveCfg = Debug|Any CPU
		{655BD323-4F6C-4D57-92D9-89585F4AE094}.Debug|Any CPU.Build.0 = Debug|Any CPU
		{655BD323-4F6C-4D57-92D9-89585F4AE094}.Release|Any CPU.ActiveCfg = Release|Any CPU
		{655BD323-4F6C-4D57-92D9-89585F4AE094}.Release|Any CPU.Build.0 = Release|Any CPU
		{6B96228B-E89D-4461-AB6C-E15A08847128}.Debug|Any CPU.ActiveCfg = Debug|Any CPU
		{6B96228B-E89D-4461-AB6C-E15A08847128}.Debug|Any CPU.Build.0 = Debug|Any CPU
		{6B96228B-E89D-4461-AB6C-E15A08847128}.Release|Any CPU.ActiveCfg = Release|Any CPU
		{6B96228B-E89D-4461-AB6C-E15A08847128}.Release|Any CPU.Build.0 = Release|Any CPU
		{37AE2B1F-9838-4B29-A89D-753E70F57D05}.Debug|Any CPU.ActiveCfg = Debug|Any CPU
		{37AE2B1F-9838-4B29-A89D-753E70F57D05}.Debug|Any CPU.Build.0 = Debug|Any CPU
		{37AE2B1F-9838-4B29-A89D-753E70F57D05}.Release|Any CPU.ActiveCfg = Release|Any CPU
		{37AE2B1F-9838-4B29-A89D-753E70F57D05}.Release|Any CPU.Build.0 = Release|Any CPU
		{95230198-72BD-4289-91ED-3DFD717DC4D1}.Debug|Any CPU.ActiveCfg = Debug|Any CPU
		{95230198-72BD-4289-91ED-3DFD717DC4D1}.Debug|Any CPU.Build.0 = Debug|Any CPU
		{95230198-72BD-4289-91ED-3DFD717DC4D1}.Release|Any CPU.ActiveCfg = Release|Any CPU
		{95230198-72BD-4289-91ED-3DFD717DC4D1}.Release|Any CPU.Build.0 = Release|Any CPU
		{3CE435B6-91DD-4CE9-B54B-E0038B5176D9}.Debug|Any CPU.ActiveCfg = Debug|Any CPU
		{3CE435B6-91DD-4CE9-B54B-E0038B5176D9}.Debug|Any CPU.Build.0 = Debug|Any CPU
		{3CE435B6-91DD-4CE9-B54B-E0038B5176D9}.Release|Any CPU.ActiveCfg = Release|Any CPU
		{3CE435B6-91DD-4CE9-B54B-E0038B5176D9}.Release|Any CPU.Build.0 = Release|Any CPU
		{58FA8342-2272-4839-A3A8-DFCDCE1685B3}.Debug|Any CPU.ActiveCfg = Debug|Any CPU
		{58FA8342-2272-4839-A3A8-DFCDCE1685B3}.Debug|Any CPU.Build.0 = Debug|Any CPU
		{58FA8342-2272-4839-A3A8-DFCDCE1685B3}.Release|Any CPU.ActiveCfg = Release|Any CPU
		{58FA8342-2272-4839-A3A8-DFCDCE1685B3}.Release|Any CPU.Build.0 = Release|Any CPU
		{B75AFFD8-2F72-4C32-98ED-F784C60BDBE1}.Debug|Any CPU.ActiveCfg = Debug|Any CPU
		{B75AFFD8-2F72-4C32-98ED-F784C60BDBE1}.Debug|Any CPU.Build.0 = Debug|Any CPU
		{B75AFFD8-2F72-4C32-98ED-F784C60BDBE1}.Release|Any CPU.ActiveCfg = Release|Any CPU
		{B75AFFD8-2F72-4C32-98ED-F784C60BDBE1}.Release|Any CPU.Build.0 = Release|Any CPU
		{F46747CD-85FB-4731-BEB0-CE47B4121B37}.Debug|Any CPU.ActiveCfg = Debug|Any CPU
		{F46747CD-85FB-4731-BEB0-CE47B4121B37}.Debug|Any CPU.Build.0 = Debug|Any CPU
		{F46747CD-85FB-4731-BEB0-CE47B4121B37}.Release|Any CPU.ActiveCfg = Release|Any CPU
		{F46747CD-85FB-4731-BEB0-CE47B4121B37}.Release|Any CPU.Build.0 = Release|Any CPU
		{05655F46-DA58-41F6-B054-17043C98DDC3}.Debug|Any CPU.ActiveCfg = Debug|Any CPU
		{05655F46-DA58-41F6-B054-17043C98DDC3}.Debug|Any CPU.Build.0 = Debug|Any CPU
		{05655F46-DA58-41F6-B054-17043C98DDC3}.Release|Any CPU.ActiveCfg = Release|Any CPU
		{05655F46-DA58-41F6-B054-17043C98DDC3}.Release|Any CPU.Build.0 = Release|Any CPU
		{168C0C6E-546A-4F20-81CA-6C73B8391D3D}.Debug|Any CPU.ActiveCfg = Debug|Any CPU
		{168C0C6E-546A-4F20-81CA-6C73B8391D3D}.Debug|Any CPU.Build.0 = Debug|Any CPU
		{168C0C6E-546A-4F20-81CA-6C73B8391D3D}.Release|Any CPU.ActiveCfg = Release|Any CPU
		{168C0C6E-546A-4F20-81CA-6C73B8391D3D}.Release|Any CPU.Build.0 = Release|Any CPU
		{A899784B-DE99-4A5B-9A00-34CDFD9A9B6C}.Debug|Any CPU.ActiveCfg = Debug|Any CPU
		{A899784B-DE99-4A5B-9A00-34CDFD9A9B6C}.Debug|Any CPU.Build.0 = Debug|Any CPU
		{A899784B-DE99-4A5B-9A00-34CDFD9A9B6C}.Release|Any CPU.ActiveCfg = Release|Any CPU
		{A899784B-DE99-4A5B-9A00-34CDFD9A9B6C}.Release|Any CPU.Build.0 = Release|Any CPU
		{1788439C-A615-4BEE-AC50-264CCD4DEF63}.Debug|Any CPU.ActiveCfg = Debug|Any CPU
		{1788439C-A615-4BEE-AC50-264CCD4DEF63}.Debug|Any CPU.Build.0 = Debug|Any CPU
		{1788439C-A615-4BEE-AC50-264CCD4DEF63}.Release|Any CPU.ActiveCfg = Release|Any CPU
		{1788439C-A615-4BEE-AC50-264CCD4DEF63}.Release|Any CPU.Build.0 = Release|Any CPU
		{E615BF50-4561-4CA1-9A87-F00A38101D3F}.Debug|Any CPU.ActiveCfg = Debug|Any CPU
		{E615BF50-4561-4CA1-9A87-F00A38101D3F}.Debug|Any CPU.Build.0 = Debug|Any CPU
		{E615BF50-4561-4CA1-9A87-F00A38101D3F}.Release|Any CPU.ActiveCfg = Release|Any CPU
		{E615BF50-4561-4CA1-9A87-F00A38101D3F}.Release|Any CPU.Build.0 = Release|Any CPU
		{105239F6-955C-44C5-86C1-F435BC39142B}.Debug|Any CPU.ActiveCfg = Debug|Any CPU
		{105239F6-955C-44C5-86C1-F435BC39142B}.Debug|Any CPU.Build.0 = Debug|Any CPU
		{105239F6-955C-44C5-86C1-F435BC39142B}.Release|Any CPU.ActiveCfg = Release|Any CPU
		{105239F6-955C-44C5-86C1-F435BC39142B}.Release|Any CPU.Build.0 = Release|Any CPU
		{6C91C417-B111-47B0-BBBC-4967ED0D3B69}.Debug|Any CPU.ActiveCfg = Debug|Any CPU
		{6C91C417-B111-47B0-BBBC-4967ED0D3B69}.Debug|Any CPU.Build.0 = Debug|Any CPU
		{6C91C417-B111-47B0-BBBC-4967ED0D3B69}.Release|Any CPU.ActiveCfg = Release|Any CPU
		{6C91C417-B111-47B0-BBBC-4967ED0D3B69}.Release|Any CPU.Build.0 = Release|Any CPU
		{41D31696-D2E1-41F3-AB43-80DA24B7B156}.Debug|Any CPU.ActiveCfg = Debug|Any CPU
		{41D31696-D2E1-41F3-AB43-80DA24B7B156}.Debug|Any CPU.Build.0 = Debug|Any CPU
		{41D31696-D2E1-41F3-AB43-80DA24B7B156}.Release|Any CPU.ActiveCfg = Release|Any CPU
		{41D31696-D2E1-41F3-AB43-80DA24B7B156}.Release|Any CPU.Build.0 = Release|Any CPU
		{C9563362-9622-4EA2-AF8E-241694C63CD6}.Debug|Any CPU.ActiveCfg = Debug|Any CPU
		{C9563362-9622-4EA2-AF8E-241694C63CD6}.Debug|Any CPU.Build.0 = Debug|Any CPU
		{C9563362-9622-4EA2-AF8E-241694C63CD6}.Release|Any CPU.ActiveCfg = Release|Any CPU
		{C9563362-9622-4EA2-AF8E-241694C63CD6}.Release|Any CPU.Build.0 = Release|Any CPU
		{D85693E0-A2C7-4552-BEBB-E286F8412C11}.Debug|Any CPU.ActiveCfg = Debug|Any CPU
		{D85693E0-A2C7-4552-BEBB-E286F8412C11}.Debug|Any CPU.Build.0 = Debug|Any CPU
		{D85693E0-A2C7-4552-BEBB-E286F8412C11}.Release|Any CPU.ActiveCfg = Release|Any CPU
		{D85693E0-A2C7-4552-BEBB-E286F8412C11}.Release|Any CPU.Build.0 = Release|Any CPU
		{42282A22-A824-40FE-9406-5B5001F69A25}.Debug|Any CPU.ActiveCfg = Debug|Any CPU
		{42282A22-A824-40FE-9406-5B5001F69A25}.Debug|Any CPU.Build.0 = Debug|Any CPU
		{42282A22-A824-40FE-9406-5B5001F69A25}.Release|Any CPU.ActiveCfg = Release|Any CPU
		{42282A22-A824-40FE-9406-5B5001F69A25}.Release|Any CPU.Build.0 = Release|Any CPU
		{F75F3DBD-D49A-4474-8413-AACFDA1A4187}.Debug|Any CPU.ActiveCfg = Debug|Any CPU
		{F75F3DBD-D49A-4474-8413-AACFDA1A4187}.Debug|Any CPU.Build.0 = Debug|Any CPU
		{F75F3DBD-D49A-4474-8413-AACFDA1A4187}.Release|Any CPU.ActiveCfg = Release|Any CPU
		{F75F3DBD-D49A-4474-8413-AACFDA1A4187}.Release|Any CPU.Build.0 = Release|Any CPU
		{CFDAEBF1-D772-4892-901A-5E53588FE039}.Debug|Any CPU.ActiveCfg = Debug|Any CPU
		{CFDAEBF1-D772-4892-901A-5E53588FE039}.Debug|Any CPU.Build.0 = Debug|Any CPU
		{CFDAEBF1-D772-4892-901A-5E53588FE039}.Release|Any CPU.ActiveCfg = Release|Any CPU
		{CFDAEBF1-D772-4892-901A-5E53588FE039}.Release|Any CPU.Build.0 = Release|Any CPU
		{BFB9B316-F397-4D75-BE6C-D5E1F6181FE4}.Debug|Any CPU.ActiveCfg = Debug|Any CPU
		{BFB9B316-F397-4D75-BE6C-D5E1F6181FE4}.Debug|Any CPU.Build.0 = Debug|Any CPU
		{BFB9B316-F397-4D75-BE6C-D5E1F6181FE4}.Release|Any CPU.ActiveCfg = Release|Any CPU
		{BFB9B316-F397-4D75-BE6C-D5E1F6181FE4}.Release|Any CPU.Build.0 = Release|Any CPU
		{71F5DB85-B3A4-4E8C-8EDD-2B584B84C906}.Debug|Any CPU.ActiveCfg = Debug|Any CPU
		{71F5DB85-B3A4-4E8C-8EDD-2B584B84C906}.Debug|Any CPU.Build.0 = Debug|Any CPU
		{71F5DB85-B3A4-4E8C-8EDD-2B584B84C906}.Release|Any CPU.ActiveCfg = Release|Any CPU
		{71F5DB85-B3A4-4E8C-8EDD-2B584B84C906}.Release|Any CPU.Build.0 = Release|Any CPU
		{7F6928D3-721B-4916-8A17-FA3269519D04}.Debug|Any CPU.ActiveCfg = Debug|Any CPU
		{7F6928D3-721B-4916-8A17-FA3269519D04}.Debug|Any CPU.Build.0 = Debug|Any CPU
		{7F6928D3-721B-4916-8A17-FA3269519D04}.Release|Any CPU.ActiveCfg = Release|Any CPU
		{7F6928D3-721B-4916-8A17-FA3269519D04}.Release|Any CPU.Build.0 = Release|Any CPU
		{B7816BD8-44F7-4F0A-B37F-F1D48CE45E2C}.Debug|Any CPU.ActiveCfg = Debug|Any CPU
		{B7816BD8-44F7-4F0A-B37F-F1D48CE45E2C}.Debug|Any CPU.Build.0 = Debug|Any CPU
		{B7816BD8-44F7-4F0A-B37F-F1D48CE45E2C}.Release|Any CPU.ActiveCfg = Release|Any CPU
		{B7816BD8-44F7-4F0A-B37F-F1D48CE45E2C}.Release|Any CPU.Build.0 = Release|Any CPU
		{384FB4EC-F42C-4920-9BEF-1F9A4CFE77C6}.Debug|Any CPU.ActiveCfg = Debug|Any CPU
		{384FB4EC-F42C-4920-9BEF-1F9A4CFE77C6}.Debug|Any CPU.Build.0 = Debug|Any CPU
		{384FB4EC-F42C-4920-9BEF-1F9A4CFE77C6}.Release|Any CPU.ActiveCfg = Release|Any CPU
		{384FB4EC-F42C-4920-9BEF-1F9A4CFE77C6}.Release|Any CPU.Build.0 = Release|Any CPU
		{5F441C74-0D9C-40F4-89ED-3F168A2446F8}.Debug|Any CPU.ActiveCfg = Debug|Any CPU
		{5F441C74-0D9C-40F4-89ED-3F168A2446F8}.Debug|Any CPU.Build.0 = Debug|Any CPU
		{5F441C74-0D9C-40F4-89ED-3F168A2446F8}.Release|Any CPU.ActiveCfg = Release|Any CPU
		{5F441C74-0D9C-40F4-89ED-3F168A2446F8}.Release|Any CPU.Build.0 = Release|Any CPU
	EndGlobalSection
	GlobalSection(SolutionProperties) = preSolution
		HideSolutionNode = FALSE
	EndGlobalSection
EndGlobal
