
Microsoft Visual Studio Solution File, Format Version 12.00
# Visual Studio 15
VisualStudioVersion = 15.0.26403.7
MinimumVisualStudioVersion = 10.0.40219.1
Project("{FAE04EC0-301F-11D3-BF4B-00C04F79EFBC}") = "01.SweetDessert", "01.SweetDessert\01.SweetDessert.csproj", "{A481EC2F-0CBF-4389-BBA3-AFF9589DF677}"
EndProject
Project("{FAE04EC0-301F-11D3-BF4B-00C04F79EFBC}") = "02.ArrayManipulation", "02.ArrayManipulation\02.ArrayManipulation.csproj", "{A01F17D1-2D83-4C0F-A91A-8A0DAD129A1E}"
EndProject
Global
	GlobalSection(SolutionConfigurationPlatforms) = preSolution
		Debug|Any CPU = Debug|Any CPU
		Release|Any CPU = Release|Any CPU
	EndGlobalSection
	GlobalSection(ProjectConfigurationPlatforms) = postSolution
		{A481EC2F-0CBF-4389-BBA3-AFF9589DF677}.Debug|Any CPU.ActiveCfg = Debug|Any CPU
		{A481EC2F-0CBF-4389-BBA3-AFF9589DF677}.Debug|Any CPU.Build.0 = Debug|Any CPU
		{A481EC2F-0CBF-4389-BBA3-AFF9589DF677}.Release|Any CPU.ActiveCfg = Release|Any CPU
		{A481EC2F-0CBF-4389-BBA3-AFF9589DF677}.Release|Any CPU.Build.0 = Release|Any CPU
		{A01F17D1-2D83-4C0F-A91A-8A0DAD129A1E}.Debug|Any CPU.ActiveCfg = Debug|Any CPU
		{A01F17D1-2D83-4C0F-A91A-8A0DAD129A1E}.Debug|Any CPU.Build.0 = Debug|Any CPU
		{A01F17D1-2D83-4C0F-A91A-8A0DAD129A1E}.Release|Any CPU.ActiveCfg = Release|Any CPU
		{A01F17D1-2D83-4C0F-A91A-8A0DAD129A1E}.Release|Any CPU.Build.0 = Release|Any CPU
	EndGlobalSection
	GlobalSection(SolutionProperties) = preSolution
		HideSolutionNode = FALSE
	EndGlobalSection
EndGlobal
