
Microsoft Visual Studio Solution File, Format Version 12.00
# Visual Studio 15
VisualStudioVersion = 15.0.28010.2046
MinimumVisualStudioVersion = 10.0.40219.1
Project("{FAE04EC0-301F-11D3-BF4B-00C04F79EFBC}") = "OddLines", "OddLines\OddLines.csproj", "{06D05CFD-A9F2-44B4-AE99-DE32141661FA}"
EndProject
Project("{FAE04EC0-301F-11D3-BF4B-00C04F79EFBC}") = "LineNumbers", "LineNumbers\LineNumbers.csproj", "{660D3712-DFC3-4D44-B101-84D018068D7F}"
EndProject
Global
	GlobalSection(SolutionConfigurationPlatforms) = preSolution
		Debug|Any CPU = Debug|Any CPU
		Release|Any CPU = Release|Any CPU
	EndGlobalSection
	GlobalSection(ProjectConfigurationPlatforms) = postSolution
		{06D05CFD-A9F2-44B4-AE99-DE32141661FA}.Debug|Any CPU.ActiveCfg = Debug|Any CPU
		{06D05CFD-A9F2-44B4-AE99-DE32141661FA}.Debug|Any CPU.Build.0 = Debug|Any CPU
		{06D05CFD-A9F2-44B4-AE99-DE32141661FA}.Release|Any CPU.ActiveCfg = Release|Any CPU
		{06D05CFD-A9F2-44B4-AE99-DE32141661FA}.Release|Any CPU.Build.0 = Release|Any CPU
		{660D3712-DFC3-4D44-B101-84D018068D7F}.Debug|Any CPU.ActiveCfg = Debug|Any CPU
		{660D3712-DFC3-4D44-B101-84D018068D7F}.Debug|Any CPU.Build.0 = Debug|Any CPU
		{660D3712-DFC3-4D44-B101-84D018068D7F}.Release|Any CPU.ActiveCfg = Release|Any CPU
		{660D3712-DFC3-4D44-B101-84D018068D7F}.Release|Any CPU.Build.0 = Release|Any CPU
	EndGlobalSection
	GlobalSection(SolutionProperties) = preSolution
		HideSolutionNode = FALSE
	EndGlobalSection
	GlobalSection(ExtensibilityGlobals) = postSolution
		SolutionGuid = {C66D0DA0-EE14-45E1-AE8A-83A10EB719AB}
	EndGlobalSection
EndGlobal
