
Microsoft Visual Studio Solution File, Format Version 12.00
# Visual Studio 15
VisualStudioVersion = 15.0.27703.2035
MinimumVisualStudioVersion = 10.0.40219.1
Project("{FAE04EC0-301F-11D3-BF4B-00C04F79EFBC}") = "ReverseStrings", "ReverseStrings\ReverseStrings.csproj", "{080705F8-C8C4-4EFA-9472-148CC467278E}"
EndProject
Project("{FAE04EC0-301F-11D3-BF4B-00C04F79EFBC}") = "SimpleCalculator", "SimpleCalculator\SimpleCalculator.csproj", "{FD621088-8D4F-4911-ACB6-06E1FCF30769}"
EndProject
Global
	GlobalSection(SolutionConfigurationPlatforms) = preSolution
		Debug|Any CPU = Debug|Any CPU
		Release|Any CPU = Release|Any CPU
	EndGlobalSection
	GlobalSection(ProjectConfigurationPlatforms) = postSolution
		{080705F8-C8C4-4EFA-9472-148CC467278E}.Debug|Any CPU.ActiveCfg = Debug|Any CPU
		{080705F8-C8C4-4EFA-9472-148CC467278E}.Debug|Any CPU.Build.0 = Debug|Any CPU
		{080705F8-C8C4-4EFA-9472-148CC467278E}.Release|Any CPU.ActiveCfg = Release|Any CPU
		{080705F8-C8C4-4EFA-9472-148CC467278E}.Release|Any CPU.Build.0 = Release|Any CPU
		{FD621088-8D4F-4911-ACB6-06E1FCF30769}.Debug|Any CPU.ActiveCfg = Debug|Any CPU
		{FD621088-8D4F-4911-ACB6-06E1FCF30769}.Debug|Any CPU.Build.0 = Debug|Any CPU
		{FD621088-8D4F-4911-ACB6-06E1FCF30769}.Release|Any CPU.ActiveCfg = Release|Any CPU
		{FD621088-8D4F-4911-ACB6-06E1FCF30769}.Release|Any CPU.Build.0 = Release|Any CPU
	EndGlobalSection
	GlobalSection(SolutionProperties) = preSolution
		HideSolutionNode = FALSE
	EndGlobalSection
	GlobalSection(ExtensibilityGlobals) = postSolution
		SolutionGuid = {91DEC39B-63C5-40CE-9F7E-DFE1EE98896E}
	EndGlobalSection
EndGlobal
