
Microsoft Visual Studio Solution File, Format Version 12.00
# Visual Studio 14
VisualStudioVersion = 14.0.25420.1
MinimumVisualStudioVersion = 10.0.40219.1
Project("{FAE04EC0-301F-11D3-BF4B-00C04F79EFBC}") = "01.RegisteredUsers", "01.RegisteredUsers\01.RegisteredUsers.csproj", "{4AF4F56F-1E33-467A-A681-626DED60164C}"
EndProject
Project("{FAE04EC0-301F-11D3-BF4B-00C04F79EFBC}") = "02.DefaultValues", "02.DefaultValues\02.DefaultValues.csproj", "{10940B60-43FC-4625-8D88-D97EDB89675B}"
EndProject
Project("{FAE04EC0-301F-11D3-BF4B-00C04F79EFBC}") = "03.FlattenDictionary", "03.FlattenDictionary\03.FlattenDictionary.csproj", "{8A2EFBA1-7682-46A2-99AD-3BAF6D5873AD}"
EndProject
Project("{FAE04EC0-301F-11D3-BF4B-00C04F79EFBC}") = "04.CottageScraper", "04.CottageScraper\04.CottageScraper.csproj", "{FECD22CF-D9E0-4020-8D56-2139EF5D3D04}"
EndProject
Global
	GlobalSection(SolutionConfigurationPlatforms) = preSolution
		Debug|Any CPU = Debug|Any CPU
		Release|Any CPU = Release|Any CPU
	EndGlobalSection
	GlobalSection(ProjectConfigurationPlatforms) = postSolution
		{4AF4F56F-1E33-467A-A681-626DED60164C}.Debug|Any CPU.ActiveCfg = Debug|Any CPU
		{4AF4F56F-1E33-467A-A681-626DED60164C}.Debug|Any CPU.Build.0 = Debug|Any CPU
		{4AF4F56F-1E33-467A-A681-626DED60164C}.Release|Any CPU.ActiveCfg = Release|Any CPU
		{4AF4F56F-1E33-467A-A681-626DED60164C}.Release|Any CPU.Build.0 = Release|Any CPU
		{10940B60-43FC-4625-8D88-D97EDB89675B}.Debug|Any CPU.ActiveCfg = Debug|Any CPU
		{10940B60-43FC-4625-8D88-D97EDB89675B}.Debug|Any CPU.Build.0 = Debug|Any CPU
		{10940B60-43FC-4625-8D88-D97EDB89675B}.Release|Any CPU.ActiveCfg = Release|Any CPU
		{10940B60-43FC-4625-8D88-D97EDB89675B}.Release|Any CPU.Build.0 = Release|Any CPU
		{8A2EFBA1-7682-46A2-99AD-3BAF6D5873AD}.Debug|Any CPU.ActiveCfg = Debug|Any CPU
		{8A2EFBA1-7682-46A2-99AD-3BAF6D5873AD}.Debug|Any CPU.Build.0 = Debug|Any CPU
		{8A2EFBA1-7682-46A2-99AD-3BAF6D5873AD}.Release|Any CPU.ActiveCfg = Release|Any CPU
		{8A2EFBA1-7682-46A2-99AD-3BAF6D5873AD}.Release|Any CPU.Build.0 = Release|Any CPU
		{FECD22CF-D9E0-4020-8D56-2139EF5D3D04}.Debug|Any CPU.ActiveCfg = Debug|Any CPU
		{FECD22CF-D9E0-4020-8D56-2139EF5D3D04}.Debug|Any CPU.Build.0 = Debug|Any CPU
		{FECD22CF-D9E0-4020-8D56-2139EF5D3D04}.Release|Any CPU.ActiveCfg = Release|Any CPU
		{FECD22CF-D9E0-4020-8D56-2139EF5D3D04}.Release|Any CPU.Build.0 = Release|Any CPU
	EndGlobalSection
	GlobalSection(SolutionProperties) = preSolution
		HideSolutionNode = FALSE
	EndGlobalSection
EndGlobal
